Microsoft Visual Studio Solution File, Format Version 12.00
# Visual Studio Version 17
VisualStudioVersion = 17.5.2.0
MinimumVisualStudioVersion = 10.0.40219.1
Project("{FAE04EC0-301F-11D3-BF4B-00C04F79EFBC}") = "RackbeatShopifySync", "RackbeatShopifySync.csproj", "{55E883B5-9634-2BBF-B7C3-2F96285E1EB3}"
EndProject
Global
	GlobalSection(SolutionConfigurationPlatforms) = preSolution
		Debug|Any CPU = Debug|Any CPU
		Release|Any CPU = Release|Any CPU
	EndGlobalSection
	GlobalSection(ProjectConfigurationPlatforms) = postSolution
		{55E883B5-9634-2BBF-B7C3-2F96285E1EB3}.Debug|Any CPU.ActiveCfg = Debug|Any CPU
		{55E883B5-9634-2BBF-B7C3-2F96285E1EB3}.Debug|Any CPU.Build.0 = Debug|Any CPU
		{55E883B5-9634-2BBF-B7C3-2F96285E1EB3}.Release|Any CPU.ActiveCfg = Release|Any CPU
		{55E883B5-9634-2BBF-B7C3-2F96285E1EB3}.Release|Any CPU.Build.0 = Release|Any CPU
	EndGlobalSection
	GlobalSection(SolutionProperties) = preSolution
		HideSolutionNode = FALSE
	EndGlobalSection
	GlobalSection(ExtensibilityGlobals) = postSolution
		SolutionGuid = {0558004B-B77B-4C08-93A8-DABC6CCDF45A}
	EndGlobalSection
EndGlobal
